
Microsoft Visual Studio Solution File, Format Version 12.00
# Visual Studio Version 17
VisualStudioVersion = 17.14.36408.4
MinimumVisualStudioVersion = 10.0.40219.1
Project("{FAE04EC0-301F-11D3-BF4B-00C04F79EFBC}") = "Ahorcado_KimberlyLeon", "Ahorcado_KimberlyLeon\Ahorcado_KimberlyLeon.csproj", "{5DE5512E-E497-46BE-A010-7131E4C820D1}"
EndProject
Global
	GlobalSection(SolutionConfigurationPlatforms) = preSolution
		Debug|Any CPU = Debug|Any CPU
		Release|Any CPU = Release|Any CPU
	EndGlobalSection
	GlobalSection(ProjectConfigurationPlatforms) = postSolution
		{5DE5512E-E497-46BE-A010-7131E4C820D1}.Debug|Any CPU.ActiveCfg = Debug|Any CPU
		{5DE5512E-E497-46BE-A010-7131E4C820D1}.Debug|Any CPU.Build.0 = Debug|Any CPU
		{5DE5512E-E497-46BE-A010-7131E4C820D1}.Release|Any CPU.ActiveCfg = Release|Any CPU
		{5DE5512E-E497-46BE-A010-7131E4C820D1}.Release|Any CPU.Build.0 = Release|Any CPU
	EndGlobalSection
	GlobalSection(SolutionProperties) = preSolution
		HideSolutionNode = FALSE
	EndGlobalSection
	GlobalSection(ExtensibilityGlobals) = postSolution
		SolutionGuid = {417B1550-A70A-4CA3-913D-399AAA84A371}
	EndGlobalSection
EndGlobal
